
Microsoft Visual Studio Solution File, Format Version 12.00
# Visual Studio 15
VisualStudioVersion = 15.0.28010.2003
MinimumVisualStudioVersion = 10.0.40219.1
Project("{8BC9CEB8-8B4A-11D0-8D11-00A0C91BC942}") = "PrefixEvaluation", "PrefixEvaluation\PrefixEvaluation.vcxproj", "{D1CC0EAA-A716-4098-92EB-26ED049C0CC5}"
EndProject
Global
	GlobalSection(SolutionConfigurationPlatforms) = preSolution
		Debug|x64 = Debug|x64
		Debug|x86 = Debug|x86
		Release|x64 = Release|x64
		Release|x86 = Release|x86
	EndGlobalSection
	GlobalSection(ProjectConfigurationPlatforms) = postSolution
		{D1CC0EAA-A716-4098-92EB-26ED049C0CC5}.Debug|x64.ActiveCfg = Debug|x64
		{D1CC0EAA-A716-4098-92EB-26ED049C0CC5}.Debug|x64.Build.0 = Debug|x64
		{D1CC0EAA-A716-4098-92EB-26ED049C0CC5}.Debug|x86.ActiveCfg = Debug|Win32
		{D1CC0EAA-A716-4098-92EB-26ED049C0CC5}.Debug|x86.Build.0 = Debug|Win32
		{D1CC0EAA-A716-4098-92EB-26ED049C0CC5}.Release|x64.ActiveCfg = Release|x64
		{D1CC0EAA-A716-4098-92EB-26ED049C0CC5}.Release|x64.Build.0 = Release|x64
		{D1CC0EAA-A716-4098-92EB-26ED049C0CC5}.Release|x86.ActiveCfg = Release|Win32
		{D1CC0EAA-A716-4098-92EB-26ED049C0CC5}.Release|x86.Build.0 = Release|Win32
	EndGlobalSection
	GlobalSection(SolutionProperties) = preSolution
		HideSolutionNode = FALSE
	EndGlobalSection
	GlobalSection(ExtensibilityGlobals) = postSolution
		SolutionGuid = {342834F0-4F3A-4CD4-BF5C-A63F33492F38}
	EndGlobalSection
EndGlobal
